
Microsoft Visual Studio Solution File, Format Version 12.00
# Visual Studio Version 17
VisualStudioVersion = 17.2.32505.173
MinimumVisualStudioVersion = 10.0.40219.1
Project("{FAE04EC0-301F-11D3-BF4B-00C04F79EFBC}") = "GC Lab 3 Exponents", "GC Lab 3 Exponents\GC Lab 3 Exponents.csproj", "{1D3C44DD-EA24-4C75-82AE-E16B9E68CEC7}"
EndProject
Global
	GlobalSection(SolutionConfigurationPlatforms) = preSolution
		Debug|Any CPU = Debug|Any CPU
		Release|Any CPU = Release|Any CPU
	EndGlobalSection
	GlobalSection(ProjectConfigurationPlatforms) = postSolution
		{1D3C44DD-EA24-4C75-82AE-E16B9E68CEC7}.Debug|Any CPU.ActiveCfg = Debug|Any CPU
		{1D3C44DD-EA24-4C75-82AE-E16B9E68CEC7}.Debug|Any CPU.Build.0 = Debug|Any CPU
		{1D3C44DD-EA24-4C75-82AE-E16B9E68CEC7}.Release|Any CPU.ActiveCfg = Release|Any CPU
		{1D3C44DD-EA24-4C75-82AE-E16B9E68CEC7}.Release|Any CPU.Build.0 = Release|Any CPU
	EndGlobalSection
	GlobalSection(SolutionProperties) = preSolution
		HideSolutionNode = FALSE
	EndGlobalSection
	GlobalSection(ExtensibilityGlobals) = postSolution
		SolutionGuid = {C3BB3A94-F173-4BF9-AF52-FCF65F8EB14F}
	EndGlobalSection
EndGlobal
